
Microsoft Visual Studio Solution File, Format Version 12.00
# Visual Studio Version 17
VisualStudioVersion = 17.4.33213.308
MinimumVisualStudioVersion = 10.0.40219.1
Project("{FAE04EC0-301F-11D3-BF4B-00C04F79EFBC}") = "wh_shoes_uae", "wh_shoes_uae\wh_shoes_uae.csproj", "{FAEE928E-53A1-4DC6-905B-29134480E4BB}"
EndProject
Global
	GlobalSection(SolutionConfigurationPlatforms) = preSolution
		Debug|Any CPU = Debug|Any CPU
		Release|Any CPU = Release|Any CPU
	EndGlobalSection
	GlobalSection(ProjectConfigurationPlatforms) = postSolution
		{FAEE928E-53A1-4DC6-905B-29134480E4BB}.Debug|Any CPU.ActiveCfg = Debug|Any CPU
		{FAEE928E-53A1-4DC6-905B-29134480E4BB}.Debug|Any CPU.Build.0 = Debug|Any CPU
		{FAEE928E-53A1-4DC6-905B-29134480E4BB}.Release|Any CPU.ActiveCfg = Release|Any CPU
		{FAEE928E-53A1-4DC6-905B-29134480E4BB}.Release|Any CPU.Build.0 = Release|Any CPU
	EndGlobalSection
	GlobalSection(SolutionProperties) = preSolution
		HideSolutionNode = FALSE
	EndGlobalSection
	GlobalSection(ExtensibilityGlobals) = postSolution
		SolutionGuid = {FEDD19F2-5870-4F71-94E1-FA116E4D12D6}
	EndGlobalSection
EndGlobal
